
Microsoft Visual Studio Solution File, Format Version 12.00
# Visual Studio 2013
VisualStudioVersion = 12.0.21005.1
MinimumVisualStudioVersion = 10.0.40219.1
Project("{8BC9CEB8-8B4A-11D0-8D11-00A0C91BC942}") = "IEOpenedTabParser", "IEOpenedTabParser\IEOpenedTabParser.vcxproj", "{7CD5AD07-5FE9-465D-A290-CAB53C97D545}"
EndProject
Project("{8BC9CEB8-8B4A-11D0-8D11-00A0C91BC942}") = "cfb", "cfb\cfb.vcxproj", "{CED76631-0BBD-4775-9284-E3CF0E5A7A92}"
EndProject
Global
	GlobalSection(SolutionConfigurationPlatforms) = preSolution
		Debug|Win32 = Debug|Win32
		Release|Win32 = Release|Win32
	EndGlobalSection
	GlobalSection(ProjectConfigurationPlatforms) = postSolution
		{7CD5AD07-5FE9-465D-A290-CAB53C97D545}.Debug|Win32.ActiveCfg = Debug|Win32
		{7CD5AD07-5FE9-465D-A290-CAB53C97D545}.Debug|Win32.Build.0 = Debug|Win32
		{7CD5AD07-5FE9-465D-A290-CAB53C97D545}.Release|Win32.ActiveCfg = Release|Win32
		{7CD5AD07-5FE9-465D-A290-CAB53C97D545}.Release|Win32.Build.0 = Release|Win32
		{CED76631-0BBD-4775-9284-E3CF0E5A7A92}.Debug|Win32.ActiveCfg = Debug|Win32
		{CED76631-0BBD-4775-9284-E3CF0E5A7A92}.Debug|Win32.Build.0 = Debug|Win32
		{CED76631-0BBD-4775-9284-E3CF0E5A7A92}.Release|Win32.ActiveCfg = Release|Win32
		{CED76631-0BBD-4775-9284-E3CF0E5A7A92}.Release|Win32.Build.0 = Release|Win32
	EndGlobalSection
	GlobalSection(SolutionProperties) = preSolution
		HideSolutionNode = FALSE
	EndGlobalSection
EndGlobal
